
Microsoft Visual Studio Solution File, Format Version 12.00
# Visual Studio Version 17
VisualStudioVersion = 17.9.34607.119
MinimumVisualStudioVersion = 10.0.40219.1
Project("{FAE04EC0-301F-11D3-BF4B-00C04F79EFBC}") = "WordGuess", "WordGuess\WordGuess.csproj", "{992009E3-B50F-4852-8C3E-C37CCA186FBD}"
EndProject
Global
	GlobalSection(SolutionConfigurationPlatforms) = preSolution
		Debug|Any CPU = Debug|Any CPU
		Release|Any CPU = Release|Any CPU
	EndGlobalSection
	GlobalSection(ProjectConfigurationPlatforms) = postSolution
		{992009E3-B50F-4852-8C3E-C37CCA186FBD}.Debug|Any CPU.ActiveCfg = Debug|Any CPU
		{992009E3-B50F-4852-8C3E-C37CCA186FBD}.Debug|Any CPU.Build.0 = Debug|Any CPU
		{992009E3-B50F-4852-8C3E-C37CCA186FBD}.Release|Any CPU.ActiveCfg = Release|Any CPU
		{992009E3-B50F-4852-8C3E-C37CCA186FBD}.Release|Any CPU.Build.0 = Release|Any CPU
	EndGlobalSection
	GlobalSection(SolutionProperties) = preSolution
		HideSolutionNode = FALSE
	EndGlobalSection
	GlobalSection(ExtensibilityGlobals) = postSolution
		SolutionGuid = {11618A64-D05F-4E0C-A11D-DEFD653C4B60}
	EndGlobalSection
EndGlobal
